{
    "_readme": [
        "This file locks the dependencies of your project to a known state",
        "Read more about it at http://getcomposer.org/doc/01-basic-usage.md#composer-lock-the-lock-file",
        "This file is @generated automatically"
    ],
    "hash": "47ab282761228321c7bcf90f099793e5",
    "packages": [
        {
            "name": "os/php-excel",
            "version": "dev-master",
            "target-dir": "PHPExcel",
            "source": {
                "type": "git",
                "url": "https://github.com/ouardisoft/PHPExcel.git",
                "reference": "e2622380d55c6da6854fa56f4b5895af7267b2dc"
            },
            "dist": {
                "type": "zip",
                "url": "https://api.github.com/repos/ouardisoft/PHPExcel/zipball/e2622380d55c6da6854fa56f4b5895af7267b2dc",
                "reference": "e2622380d55c6da6854fa56f4b5895af7267b2dc",
                "shasum": ""
            },
            "require": {
                "php": ">=5.2.6"
            },
            "type": "library",
            "autoload": {
                "psr-0": {
                    "PHPExcel": "PHPExcel"
                }
            },
            "notification-url": "https://packagist.org/downloads/",
            "license": [
                "MIT"
            ],
            "authors": [
                {
                    "name": "LOUARDI Abdeltif",
                    "email": "louardi.abdeltif@yahoo.fr",
                    "homepage": "http://phphub.net"
                }
            ],
            "description": "PHP Excel Library",
            "homepage": "http://github.com/ouardisoft/PHPExcel",
            "keywords": [
                "excel"
            ],
            "time": "2013-05-21 13:29:41"
        }
    ],
    "packages-dev": [

    ],
    "aliases": [

    ],
    "minimum-stability": "stable",
    "stability-flags": {
        "os/php-excel": 20
    },
    "platform": [

    ],
    "platform-dev": [

    ]
}
